
Microsoft Visual Studio Solution File, Format Version 12.00
# Visual Studio Version 16
VisualStudioVersion = 16.0.29806.167
MinimumVisualStudioVersion = 10.0.40219.1
Project("{8BC9CEB8-8B4A-11D0-8D11-00A0C91BC942}") = "RandomProjectToDeleteLaterThisIsJustForCheckingCode", "RandomProjectToDeleteLaterThisIsJustForCheckingCode.vcxproj", "{38575954-19E5-4909-BB1F-8A612908685C}"
EndProject
Global
	GlobalSection(SolutionConfigurationPlatforms) = preSolution
		Debug|x64 = Debug|x64
		Debug|x86 = Debug|x86
		Release|x64 = Release|x64
		Release|x86 = Release|x86
	EndGlobalSection
	GlobalSection(ProjectConfigurationPlatforms) = postSolution
		{38575954-19E5-4909-BB1F-8A612908685C}.Debug|x64.ActiveCfg = Debug|x64
		{38575954-19E5-4909-BB1F-8A612908685C}.Debug|x64.Build.0 = Debug|x64
		{38575954-19E5-4909-BB1F-8A612908685C}.Debug|x86.ActiveCfg = Debug|Win32
		{38575954-19E5-4909-BB1F-8A612908685C}.Debug|x86.Build.0 = Debug|Win32
		{38575954-19E5-4909-BB1F-8A612908685C}.Release|x64.ActiveCfg = Release|x64
		{38575954-19E5-4909-BB1F-8A612908685C}.Release|x64.Build.0 = Release|x64
		{38575954-19E5-4909-BB1F-8A612908685C}.Release|x86.ActiveCfg = Release|Win32
		{38575954-19E5-4909-BB1F-8A612908685C}.Release|x86.Build.0 = Release|Win32
	EndGlobalSection
	GlobalSection(SolutionProperties) = preSolution
		HideSolutionNode = FALSE
	EndGlobalSection
	GlobalSection(ExtensibilityGlobals) = postSolution
		SolutionGuid = {14B95DEC-366D-40BD-8075-06C93048A899}
	EndGlobalSection
EndGlobal
